<?xml version="1.0" encoding="UTF-8" standalone="yes" ?>
<CodeBlocks_project_file>
	<FileVersion major="1" minor="6" />
	<Project>
		<Option title="GeekieGamesRemastered" />
		<Option pch_mode="2" />
		<Option compiler="gcc" />
		<Build>
			<Target title="Debug">
				<Option output="bin/Debug/GeekieGamesRemastered" prefix_auto="1" extension_auto="1" />
				<Option object_output="obj/Debug/" />
				<Option type="1" />
				<Option compiler="gcc" />
				<Compiler>
					<Add option="-g" />
				</Compiler>
			</Target>
			<Target title="Release">
				<Option output="bin/Release/GeekieGamesRemastered" prefix_auto="1" extension_auto="1" />
				<Option object_output="obj/Release/" />
				<Option type="1" />
				<Option compiler="gcc" />
				<Compiler>
					<Add option="-O2" />
				</Compiler>
				<Linker>
					<Add option="-s" />
				</Linker>
			</Target>
		</Build>
		<Compiler>
			<Add option="-Wall" />
		</Compiler>
		<Unit filename="ajuda.cpp" />
		<Unit filename="ajuda.h" />
		<Unit filename="estruturas.h" />
		<Unit filename="exercicios.cpp" />
		<Unit filename="exercicios.h" />
		<Unit filename="main.cpp" />
		<Unit filename="menuInicial.cpp" />
		<Unit filename="menuInicial.h" />
		<Unit filename="suporte.cpp" />
		<Unit filename="suporte.h" />
		<Unit filename="usuarios.cpp" />
		<Unit filename="usuarios.h" />
		<Extensions>
			<code_completion />
			<debugger />
		</Extensions>
	</Project>
</CodeBlocks_project_file>
